
Microsoft Visual Studio Solution File, Format Version 12.00
# Visual Studio 14
VisualStudioVersion = 14.0.25420.1
MinimumVisualStudioVersion = 10.0.40219.1
Project("{FAE04EC0-301F-11D3-BF4B-00C04F79EFBC}") = "WebViewApps.Droid", "WebViewApps\WebViewApps.Droid\WebViewApps.Droid.csproj", "{15AD38ED-4750-4EFB-8ADF-CE6093E7711D}"
EndProject
Project("{FAE04EC0-301F-11D3-BF4B-00C04F79EFBC}") = "WebViewApps.iOS", "WebViewApps\WebViewApps.iOS\WebViewApps.iOS.csproj", "{342B6ADD-4A31-4F2B-B040-87AB61F07139}"
EndProject
Project("{FAE04EC0-301F-11D3-BF4B-00C04F79EFBC}") = "WebViewApps.WinPhone", "WebViewApps\WebViewApps.WinPhone\WebViewApps.WinPhone.csproj", "{05D1268B-C6A4-4C5C-9EB4-7416D3BC6F09}"
EndProject
Project("{FAE04EC0-301F-11D3-BF4B-00C04F79EFBC}") = "WebViewApps.Windows", "WebViewApps\WebViewApps.Windows\WebViewApps.Windows.csproj", "{54802629-AD39-4E69-8737-71A881F0F97B}"
EndProject
Project("{FAE04EC0-301F-11D3-BF4B-00C04F79EFBC}") = "WebViewApps", "WebViewApps\WebViewApps\WebViewApps.csproj", "{7F11E861-EE84-476C-98C0-8432A1D8193D}"
EndProject
Global
	GlobalSection(SolutionConfigurationPlatforms) = preSolution
		Ad-Hoc|Any CPU = Ad-Hoc|Any CPU
		Ad-Hoc|ARM = Ad-Hoc|ARM
		Ad-Hoc|iPhone = Ad-Hoc|iPhone
		Ad-Hoc|iPhoneSimulator = Ad-Hoc|iPhoneSimulator
		Ad-Hoc|x64 = Ad-Hoc|x64
		Ad-Hoc|x86 = Ad-Hoc|x86
		AppStore|Any CPU = AppStore|Any CPU
		AppStore|ARM = AppStore|ARM
		AppStore|iPhone = AppStore|iPhone
		AppStore|iPhoneSimulator = AppStore|iPhoneSimulator
		AppStore|x64 = AppStore|x64
		AppStore|x86 = AppStore|x86
		Debug|Any CPU = Debug|Any CPU
		Debug|ARM = Debug|ARM
		Debug|iPhone = Debug|iPhone
		Debug|iPhoneSimulator = Debug|iPhoneSimulator
		Debug|x64 = Debug|x64
		Debug|x86 = Debug|x86
		Release|Any CPU = Release|Any CPU
		Release|ARM = Release|ARM
		Release|iPhone = Release|iPhone
		Release|iPhoneSimulator = Release|iPhoneSimulator
		Release|x64 = Release|x64
		Release|x86 = Release|x86
	EndGlobalSection
	GlobalSection(ProjectConfigurationPlatforms) = postSolution
		{15AD38ED-4750-4EFB-8ADF-CE6093E7711D}.Ad-Hoc|Any CPU.ActiveCfg = Release|Any CPU
		{15AD38ED-4750-4EFB-8ADF-CE6093E7711D}.Ad-Hoc|Any CPU.Build.0 = Release|Any CPU
		{15AD38ED-4750-4EFB-8ADF-CE6093E7711D}.Ad-Hoc|Any CPU.Deploy.0 = Release|Any CPU
		{15AD38ED-4750-4EFB-8ADF-CE6093E7711D}.Ad-Hoc|ARM.ActiveCfg = Release|Any CPU
		{15AD38ED-4750-4EFB-8ADF-CE6093E7711D}.Ad-Hoc|ARM.Build.0 = Release|Any CPU
		{15AD38ED-4750-4EFB-8ADF-CE6093E7711D}.Ad-Hoc|ARM.Deploy.0 = Release|Any CPU
		{15AD38ED-4750-4EFB-8ADF-CE6093E7711D}.Ad-Hoc|iPhone.ActiveCfg = Release|Any CPU
		{15AD38ED-4750-4EFB-8ADF-CE6093E7711D}.Ad-Hoc|iPhone.Build.0 = Release|Any CPU
		{15AD38ED-4750-4EFB-8ADF-CE6093E7711D}.Ad-Hoc|iPhone.Deploy.0 = Release|Any CPU
		{15AD38ED-4750-4EFB-8ADF-CE6093E7711D}.Ad-Hoc|iPhoneSimulator.ActiveCfg = Release|Any CPU
		{15AD38ED-4750-4EFB-8ADF-CE6093E7711D}.Ad-Hoc|iPhoneSimulator.Build.0 = Release|Any CPU
		{15AD38ED-4750-4EFB-8ADF-CE6093E7711D}.Ad-Hoc|iPhoneSimulator.Deploy.0 = Release|Any CPU
		{15AD38ED-4750-4EFB-8ADF-CE6093E7711D}.Ad-Hoc|x64.ActiveCfg = Release|Any CPU
		{15AD38ED-4750-4EFB-8ADF-CE6093E7711D}.Ad-Hoc|x64.Build.0 = Release|Any CPU
		{15AD38ED-4750-4EFB-8ADF-CE6093E7711D}.Ad-Hoc|x64.Deploy.0 = Release|Any CPU
		{15AD38ED-4750-4EFB-8ADF-CE6093E7711D}.Ad-Hoc|x86.ActiveCfg = Release|Any CPU
		{15AD38ED-4750-4EFB-8ADF-CE6093E7711D}.Ad-Hoc|x86.Build.0 = Release|Any CPU
		{15AD38ED-4750-4EFB-8ADF-CE6093E7711D}.Ad-Hoc|x86.Deploy.0 = Release|Any CPU
		{15AD38ED-4750-4EFB-8ADF-CE6093E7711D}.AppStore|Any CPU.ActiveCfg = Release|Any CPU
		{15AD38ED-4750-4EFB-8ADF-CE6093E7711D}.AppStore|Any CPU.Build.0 = Release|Any CPU
		{15AD38ED-4750-4EFB-8ADF-CE6093E7711D}.AppStore|Any CPU.Deploy.0 = Release|Any CPU
		{15AD38ED-4750-4EFB-8ADF-CE6093E7711D}.AppStore|ARM.ActiveCfg = Release|Any CPU
		{15AD38ED-4750-4EFB-8ADF-CE6093E7711D}.AppStore|ARM.Build.0 = Release|Any CPU
		{15AD38ED-4750-4EFB-8ADF-CE6093E7711D}.AppStore|ARM.Deploy.0 = Release|Any CPU
		{15AD38ED-4750-4EFB-8ADF-CE6093E7711D}.AppStore|iPhone.ActiveCfg = Release|Any CPU
		{15AD38ED-4750-4EFB-8ADF-CE6093E7711D}.AppStore|iPhone.Build.0 = Release|Any CPU
		{15AD38ED-4750-4EFB-8ADF-CE6093E7711D}.AppStore|iPhone.Deploy.0 = Release|Any CPU
		{15AD38ED-4750-4EFB-8ADF-CE6093E7711D}.AppStore|iPhoneSimulator.ActiveCfg = Release|Any CPU
		{15AD38ED-4750-4EFB-8ADF-CE6093E7711D}.AppStore|iPhoneSimulator.Build.0 = Release|Any CPU
		{15AD38ED-4750-4EFB-8ADF-CE6093E7711D}.AppStore|iPhoneSimulator.Deploy.0 = Release|Any CPU
		{15AD38ED-4750-4EFB-8ADF-CE6093E7711D}.AppStore|x64.ActiveCfg = Release|Any CPU
		{15AD38ED-4750-4EFB-8ADF-CE6093E7711D}.AppStore|x64.Build.0 = Release|Any CPU
		{15AD38ED-4750-4EFB-8ADF-CE6093E7711D}.AppStore|x64.Deploy.0 = Release|Any CPU
		{15AD38ED-4750-4EFB-8ADF-CE6093E7711D}.AppStore|x86.ActiveCfg = Release|Any CPU
		{15AD38ED-4750-4EFB-8ADF-CE6093E7711D}.AppStore|x86.Build.0 = Release|Any CPU
		{15AD38ED-4750-4EFB-8ADF-CE6093E7711D}.AppStore|x86.Deploy.0 = Release|Any CPU
		{15AD38ED-4750-4EFB-8ADF-CE6093E7711D}.Debug|Any CPU.ActiveCfg = Debug|Any CPU
		{15AD38ED-4750-4EFB-8ADF-CE6093E7711D}.Debug|Any CPU.Build.0 = Debug|Any CPU
		{15AD38ED-4750-4EFB-8ADF-CE6093E7711D}.Debug|Any CPU.Deploy.0 = Debug|Any CPU
		{15AD38ED-4750-4EFB-8ADF-CE6093E7711D}.Debug|ARM.ActiveCfg = Debug|Any CPU
		{15AD38ED-4750-4EFB-8ADF-CE6093E7711D}.Debug|ARM.Build.0 = Debug|Any CPU
		{15AD38ED-4750-4EFB-8ADF-CE6093E7711D}.Debug|ARM.Deploy.0 = Debug|Any CPU
		{15AD38ED-4750-4EFB-8ADF-CE6093E7711D}.Debug|iPhone.ActiveCfg = Debug|Any CPU
		{15AD38ED-4750-4EFB-8ADF-CE6093E7711D}.Debug|iPhone.Build.0 = Debug|Any CPU
		{15AD38ED-4750-4EFB-8ADF-CE6093E7711D}.Debug|iPhone.Deploy.0 = Debug|Any CPU
		{15AD38ED-4750-4EFB-8ADF-CE6093E7711D}.Debug|iPhoneSimulator.ActiveCfg = Debug|Any CPU
		{15AD38ED-4750-4EFB-8ADF-CE6093E7711D}.Debug|iPhoneSimulator.Build.0 = Debug|Any CPU
		{15AD38ED-4750-4EFB-8ADF-CE6093E7711D}.Debug|iPhoneSimulator.Deploy.0 = Debug|Any CPU
		{15AD38ED-4750-4EFB-8ADF-CE6093E7711D}.Debug|x64.ActiveCfg = Debug|Any CPU
		{15AD38ED-4750-4EFB-8ADF-CE6093E7711D}.Debug|x64.Build.0 = Debug|Any CPU
		{15AD38ED-4750-4EFB-8ADF-CE6093E7711D}.Debug|x64.Deploy.0 = Debug|Any CPU
		{15AD38ED-4750-4EFB-8ADF-CE6093E7711D}.Debug|x86.ActiveCfg = Debug|Any CPU
		{15AD38ED-4750-4EFB-8ADF-CE6093E7711D}.Debug|x86.Build.0 = Debug|Any CPU
		{15AD38ED-4750-4EFB-8ADF-CE6093E7711D}.Debug|x86.Deploy.0 = Debug|Any CPU
		{15AD38ED-4750-4EFB-8ADF-CE6093E7711D}.Release|Any CPU.ActiveCfg = Release|Any CPU
		{15AD38ED-4750-4EFB-8ADF-CE6093E7711D}.Release|Any CPU.Build.0 = Release|Any CPU
		{15AD38ED-4750-4EFB-8ADF-CE6093E7711D}.Release|Any CPU.Deploy.0 = Release|Any CPU
		{15AD38ED-4750-4EFB-8ADF-CE6093E7711D}.Release|ARM.ActiveCfg = Release|Any CPU
		{15AD38ED-4750-4EFB-8ADF-CE6093E7711D}.Release|ARM.Build.0 = Release|Any CPU
		{15AD38ED-4750-4EFB-8ADF-CE6093E7711D}.Release|ARM.Deploy.0 = Release|Any CPU
		{15AD38ED-4750-4EFB-8ADF-CE6093E7711D}.Release|iPhone.ActiveCfg = Release|Any CPU
		{15AD38ED-4750-4EFB-8ADF-CE6093E7711D}.Release|iPhone.Build.0 = Release|Any CPU
		{15AD38ED-4750-4EFB-8ADF-CE6093E7711D}.Release|iPhone.Deploy.0 = Release|Any CPU
		{15AD38ED-4750-4EFB-8ADF-CE6093E7711D}.Release|iPhoneSimulator.ActiveCfg = Release|Any CPU
		{15AD38ED-4750-4EFB-8ADF-CE6093E7711D}.Release|iPhoneSimulator.Build.0 = Release|Any CPU
		{15AD38ED-4750-4EFB-8ADF-CE6093E7711D}.Release|iPhoneSimulator.Deploy.0 = Release|Any CPU
		{15AD38ED-4750-4EFB-8ADF-CE6093E7711D}.Release|x64.ActiveCfg = Release|Any CPU
		{15AD38ED-4750-4EFB-8ADF-CE6093E7711D}.Release|x64.Build.0 = Release|Any CPU
		{15AD38ED-4750-4EFB-8ADF-CE6093E7711D}.Release|x64.Deploy.0 = Release|Any CPU
		{15AD38ED-4750-4EFB-8ADF-CE6093E7711D}.Release|x86.ActiveCfg = Release|Any CPU
		{15AD38ED-4750-4EFB-8ADF-CE6093E7711D}.Release|x86.Build.0 = Release|Any CPU
		{15AD38ED-4750-4EFB-8ADF-CE6093E7711D}.Release|x86.Deploy.0 = Release|Any CPU
		{342B6ADD-4A31-4F2B-B040-87AB61F07139}.Ad-Hoc|Any CPU.ActiveCfg = Ad-Hoc|iPhone
		{342B6ADD-4A31-4F2B-B040-87AB61F07139}.Ad-Hoc|ARM.ActiveCfg = Ad-Hoc|iPhone
		{342B6ADD-4A31-4F2B-B040-87AB61F07139}.Ad-Hoc|iPhone.ActiveCfg = Ad-Hoc|iPhone
		{342B6ADD-4A31-4F2B-B040-87AB61F07139}.Ad-Hoc|iPhone.Build.0 = Ad-Hoc|iPhone
		{342B6ADD-4A31-4F2B-B040-87AB61F07139}.Ad-Hoc|iPhoneSimulator.ActiveCfg = Ad-Hoc|iPhoneSimulator
		{342B6ADD-4A31-4F2B-B040-87AB61F07139}.Ad-Hoc|iPhoneSimulator.Build.0 = Ad-Hoc|iPhoneSimulator
		{342B6ADD-4A31-4F2B-B040-87AB61F07139}.Ad-Hoc|x64.ActiveCfg = Ad-Hoc|iPhone
		{342B6ADD-4A31-4F2B-B040-87AB61F07139}.Ad-Hoc|x86.ActiveCfg = Ad-Hoc|iPhone
		{342B6ADD-4A31-4F2B-B040-87AB61F07139}.AppStore|Any CPU.ActiveCfg = AppStore|iPhone
		{342B6ADD-4A31-4F2B-B040-87AB61F07139}.AppStore|ARM.ActiveCfg = AppStore|iPhone
		{342B6ADD-4A31-4F2B-B040-87AB61F07139}.AppStore|iPhone.ActiveCfg = AppStore|iPhone
		{342B6ADD-4A31-4F2B-B040-87AB61F07139}.AppStore|iPhone.Build.0 = AppStore|iPhone
		{342B6ADD-4A31-4F2B-B040-87AB61F07139}.AppStore|iPhoneSimulator.ActiveCfg = AppStore|iPhoneSimulator
		{342B6ADD-4A31-4F2B-B040-87AB61F07139}.AppStore|iPhoneSimulator.Build.0 = AppStore|iPhoneSimulator
		{342B6ADD-4A31-4F2B-B040-87AB61F07139}.AppStore|x64.ActiveCfg = AppStore|iPhone
		{342B6ADD-4A31-4F2B-B040-87AB61F07139}.AppStore|x86.ActiveCfg = AppStore|iPhone
		{342B6ADD-4A31-4F2B-B040-87AB61F07139}.Debug|Any CPU.ActiveCfg = Debug|iPhone
		{342B6ADD-4A31-4F2B-B040-87AB61F07139}.Debug|ARM.ActiveCfg = Debug|iPhone
		{342B6ADD-4A31-4F2B-B040-87AB61F07139}.Debug|iPhone.ActiveCfg = Debug|iPhone
		{342B6ADD-4A31-4F2B-B040-87AB61F07139}.Debug|iPhone.Build.0 = Debug|iPhone
		{342B6ADD-4A31-4F2B-B040-87AB61F07139}.Debug|iPhoneSimulator.ActiveCfg = Debug|iPhoneSimulator
		{342B6ADD-4A31-4F2B-B040-87AB61F07139}.Debug|iPhoneSimulator.Build.0 = Debug|iPhoneSimulator
		{342B6ADD-4A31-4F2B-B040-87AB61F07139}.Debug|x64.ActiveCfg = Debug|iPhone
		{342B6ADD-4A31-4F2B-B040-87AB61F07139}.Debug|x86.ActiveCfg = Debug|iPhone
		{342B6ADD-4A31-4F2B-B040-87AB61F07139}.Release|Any CPU.ActiveCfg = Release|iPhone
		{342B6ADD-4A31-4F2B-B040-87AB61F07139}.Release|ARM.ActiveCfg = Release|iPhone
		{342B6ADD-4A31-4F2B-B040-87AB61F07139}.Release|iPhone.ActiveCfg = Release|iPhone
		{342B6ADD-4A31-4F2B-B040-87AB61F07139}.Release|iPhone.Build.0 = Release|iPhone
		{342B6ADD-4A31-4F2B-B040-87AB61F07139}.Release|iPhoneSimulator.ActiveCfg = Release|iPhoneSimulator
		{342B6ADD-4A31-4F2B-B040-87AB61F07139}.Release|iPhoneSimulator.Build.0 = Release|iPhoneSimulator
		{342B6ADD-4A31-4F2B-B040-87AB61F07139}.Release|x64.ActiveCfg = Release|iPhone
		{342B6ADD-4A31-4F2B-B040-87AB61F07139}.Release|x86.ActiveCfg = Release|iPhone
		{05D1268B-C6A4-4C5C-9EB4-7416D3BC6F09}.Ad-Hoc|Any CPU.ActiveCfg = Release|Any CPU
		{05D1268B-C6A4-4C5C-9EB4-7416D3BC6F09}.Ad-Hoc|Any CPU.Build.0 = Release|Any CPU
		{05D1268B-C6A4-4C5C-9EB4-7416D3BC6F09}.Ad-Hoc|Any CPU.Deploy.0 = Release|Any CPU
		{05D1268B-C6A4-4C5C-9EB4-7416D3BC6F09}.Ad-Hoc|ARM.ActiveCfg = Release|ARM
		{05D1268B-C6A4-4C5C-9EB4-7416D3BC6F09}.Ad-Hoc|ARM.Build.0 = Release|ARM
		{05D1268B-C6A4-4C5C-9EB4-7416D3BC6F09}.Ad-Hoc|ARM.Deploy.0 = Release|ARM
		{05D1268B-C6A4-4C5C-9EB4-7416D3BC6F09}.Ad-Hoc|iPhone.ActiveCfg = Release|Any CPU
		{05D1268B-C6A4-4C5C-9EB4-7416D3BC6F09}.Ad-Hoc|iPhone.Build.0 = Release|Any CPU
		{05D1268B-C6A4-4C5C-9EB4-7416D3BC6F09}.Ad-Hoc|iPhone.Deploy.0 = Release|Any CPU
		{05D1268B-C6A4-4C5C-9EB4-7416D3BC6F09}.Ad-Hoc|iPhoneSimulator.ActiveCfg = Release|Any CPU
		{05D1268B-C6A4-4C5C-9EB4-7416D3BC6F09}.Ad-Hoc|iPhoneSimulator.Build.0 = Release|Any CPU
		{05D1268B-C6A4-4C5C-9EB4-7416D3BC6F09}.Ad-Hoc|iPhoneSimulator.Deploy.0 = Release|Any CPU
		{05D1268B-C6A4-4C5C-9EB4-7416D3BC6F09}.Ad-Hoc|x64.ActiveCfg = Release|Any CPU
		{05D1268B-C6A4-4C5C-9EB4-7416D3BC6F09}.Ad-Hoc|x64.Build.0 = Release|Any CPU
		{05D1268B-C6A4-4C5C-9EB4-7416D3BC6F09}.Ad-Hoc|x64.Deploy.0 = Release|Any CPU
		{05D1268B-C6A4-4C5C-9EB4-7416D3BC6F09}.Ad-Hoc|x86.ActiveCfg = Release|x86
		{05D1268B-C6A4-4C5C-9EB4-7416D3BC6F09}.Ad-Hoc|x86.Build.0 = Release|x86
		{05D1268B-C6A4-4C5C-9EB4-7416D3BC6F09}.Ad-Hoc|x86.Deploy.0 = Release|x86
		{05D1268B-C6A4-4C5C-9EB4-7416D3BC6F09}.AppStore|Any CPU.ActiveCfg = Release|Any CPU
		{05D1268B-C6A4-4C5C-9EB4-7416D3BC6F09}.AppStore|Any CPU.Build.0 = Release|Any CPU
		{05D1268B-C6A4-4C5C-9EB4-7416D3BC6F09}.AppStore|Any CPU.Deploy.0 = Release|Any CPU
		{05D1268B-C6A4-4C5C-9EB4-7416D3BC6F09}.AppStore|ARM.ActiveCfg = Release|ARM
		{05D1268B-C6A4-4C5C-9EB4-7416D3BC6F09}.AppStore|ARM.Build.0 = Release|ARM
		{05D1268B-C6A4-4C5C-9EB4-7416D3BC6F09}.AppStore|ARM.Deploy.0 = Release|ARM
		{05D1268B-C6A4-4C5C-9EB4-7416D3BC6F09}.AppStore|iPhone.ActiveCfg = Release|Any CPU
		{05D1268B-C6A4-4C5C-9EB4-7416D3BC6F09}.AppStore|iPhone.Build.0 = Release|Any CPU
		{05D1268B-C6A4-4C5C-9EB4-7416D3BC6F09}.AppStore|iPhone.Deploy.0 = Release|Any CPU
		{05D1268B-C6A4-4C5C-9EB4-7416D3BC6F09}.AppStore|iPhoneSimulator.ActiveCfg = Release|Any CPU
		{05D1268B-C6A4-4C5C-9EB4-7416D3BC6F09}.AppStore|iPhoneSimulator.Build.0 = Release|Any CPU
		{05D1268B-C6A4-4C5C-9EB4-7416D3BC6F09}.AppStore|iPhoneSimulator.Deploy.0 = Release|Any CPU
		{05D1268B-C6A4-4C5C-9EB4-7416D3BC6F09}.AppStore|x64.ActiveCfg = Release|Any CPU
		{05D1268B-C6A4-4C5C-9EB4-7416D3BC6F09}.AppStore|x64.Build.0 = Release|Any CPU
		{05D1268B-C6A4-4C5C-9EB4-7416D3BC6F09}.AppStore|x64.Deploy.0 = Release|Any CPU
		{05D1268B-C6A4-4C5C-9EB4-7416D3BC6F09}.AppStore|x86.ActiveCfg = Release|x86
		{05D1268B-C6A4-4C5C-9EB4-7416D3BC6F09}.AppStore|x86.Build.0 = Release|x86
		{05D1268B-C6A4-4C5C-9EB4-7416D3BC6F09}.AppStore|x86.Deploy.0 = Release|x86
		{05D1268B-C6A4-4C5C-9EB4-7416D3BC6F09}.Debug|Any CPU.ActiveCfg = Debug|Any CPU
		{05D1268B-C6A4-4C5C-9EB4-7416D3BC6F09}.Debug|Any CPU.Build.0 = Debug|Any CPU
		{05D1268B-C6A4-4C5C-9EB4-7416D3BC6F09}.Debug|Any CPU.Deploy.0 = Debug|Any CPU
		{05D1268B-C6A4-4C5C-9EB4-7416D3BC6F09}.Debug|ARM.ActiveCfg = Debug|ARM
		{05D1268B-C6A4-4C5C-9EB4-7416D3BC6F09}.Debug|ARM.Build.0 = Debug|ARM
		{05D1268B-C6A4-4C5C-9EB4-7416D3BC6F09}.Debug|ARM.Deploy.0 = Debug|ARM
		{05D1268B-C6A4-4C5C-9EB4-7416D3BC6F09}.Debug|iPhone.ActiveCfg = Debug|Any CPU
		{05D1268B-C6A4-4C5C-9EB4-7416D3BC6F09}.Debug|iPhone.Build.0 = Debug|Any CPU
		{05D1268B-C6A4-4C5C-9EB4-7416D3BC6F09}.Debug|iPhone.Deploy.0 = Debug|Any CPU
		{05D1268B-C6A4-4C5C-9EB4-7416D3BC6F09}.Debug|iPhoneSimulator.ActiveCfg = Debug|Any CPU
		{05D1268B-C6A4-4C5C-9EB4-7416D3BC6F09}.Debug|iPhoneSimulator.Build.0 = Debug|Any CPU
		{05D1268B-C6A4-4C5C-9EB4-7416D3BC6F09}.Debug|iPhoneSimulator.Deploy.0 = Debug|Any CPU
		{05D1268B-C6A4-4C5C-9EB4-7416D3BC6F09}.Debug|x64.ActiveCfg = Debug|Any CPU
		{05D1268B-C6A4-4C5C-9EB4-7416D3BC6F09}.Debug|x64.Build.0 = Debug|Any CPU
		{05D1268B-C6A4-4C5C-9EB4-7416D3BC6F09}.Debug|x64.Deploy.0 = Debug|Any CPU
		{05D1268B-C6A4-4C5C-9EB4-7416D3BC6F09}.Debug|x86.ActiveCfg = Debug|x86
		{05D1268B-C6A4-4C5C-9EB4-7416D3BC6F09}.Debug|x86.Build.0 = Debug|x86
		{05D1268B-C6A4-4C5C-9EB4-7416D3BC6F09}.Debug|x86.Deploy.0 = Debug|x86
		{05D1268B-C6A4-4C5C-9EB4-7416D3BC6F09}.Release|Any CPU.ActiveCfg = Release|Any CPU
		{05D1268B-C6A4-4C5C-9EB4-7416D3BC6F09}.Release|Any CPU.Build.0 = Release|Any CPU
		{05D1268B-C6A4-4C5C-9EB4-7416D3BC6F09}.Release|Any CPU.Deploy.0 = Release|Any CPU
		{05D1268B-C6A4-4C5C-9EB4-7416D3BC6F09}.Release|ARM.ActiveCfg = Release|ARM
		{05D1268B-C6A4-4C5C-9EB4-7416D3BC6F09}.Release|ARM.Build.0 = Release|ARM
		{05D1268B-C6A4-4C5C-9EB4-7416D3BC6F09}.Release|ARM.Deploy.0 = Release|ARM
		{05D1268B-C6A4-4C5C-9EB4-7416D3BC6F09}.Release|iPhone.ActiveCfg = Release|Any CPU
		{05D1268B-C6A4-4C5C-9EB4-7416D3BC6F09}.Release|iPhone.Build.0 = Release|Any CPU
		{05D1268B-C6A4-4C5C-9EB4-7416D3BC6F09}.Release|iPhone.Deploy.0 = Release|Any CPU
		{05D1268B-C6A4-4C5C-9EB4-7416D3BC6F09}.Release|iPhoneSimulator.ActiveCfg = Release|Any CPU
		{05D1268B-C6A4-4C5C-9EB4-7416D3BC6F09}.Release|iPhoneSimulator.Build.0 = Release|Any CPU
		{05D1268B-C6A4-4C5C-9EB4-7416D3BC6F09}.Release|iPhoneSimulator.Deploy.0 = Release|Any CPU
		{05D1268B-C6A4-4C5C-9EB4-7416D3BC6F09}.Release|x64.ActiveCfg = Release|Any CPU
		{05D1268B-C6A4-4C5C-9EB4-7416D3BC6F09}.Release|x64.Build.0 = Release|Any CPU
		{05D1268B-C6A4-4C5C-9EB4-7416D3BC6F09}.Release|x64.Deploy.0 = Release|Any CPU
		{05D1268B-C6A4-4C5C-9EB4-7416D3BC6F09}.Release|x86.ActiveCfg = Release|x86
		{05D1268B-C6A4-4C5C-9EB4-7416D3BC6F09}.Release|x86.Build.0 = Release|x86
		{05D1268B-C6A4-4C5C-9EB4-7416D3BC6F09}.Release|x86.Deploy.0 = Release|x86
		{54802629-AD39-4E69-8737-71A881F0F97B}.Ad-Hoc|Any CPU.ActiveCfg = Release|Any CPU
		{54802629-AD39-4E69-8737-71A881F0F97B}.Ad-Hoc|Any CPU.Build.0 = Release|Any CPU
		{54802629-AD39-4E69-8737-71A881F0F97B}.Ad-Hoc|Any CPU.Deploy.0 = Release|Any CPU
		{54802629-AD39-4E69-8737-71A881F0F97B}.Ad-Hoc|ARM.ActiveCfg = Release|ARM
		{54802629-AD39-4E69-8737-71A881F0F97B}.Ad-Hoc|ARM.Build.0 = Release|ARM
		{54802629-AD39-4E69-8737-71A881F0F97B}.Ad-Hoc|ARM.Deploy.0 = Release|ARM
		{54802629-AD39-4E69-8737-71A881F0F97B}.Ad-Hoc|iPhone.ActiveCfg = Release|Any CPU
		{54802629-AD39-4E69-8737-71A881F0F97B}.Ad-Hoc|iPhone.Build.0 = Release|Any CPU
		{54802629-AD39-4E69-8737-71A881F0F97B}.Ad-Hoc|iPhone.Deploy.0 = Release|Any CPU
		{54802629-AD39-4E69-8737-71A881F0F97B}.Ad-Hoc|iPhoneSimulator.ActiveCfg = Release|Any CPU
		{54802629-AD39-4E69-8737-71A881F0F97B}.Ad-Hoc|iPhoneSimulator.Build.0 = Release|Any CPU
		{54802629-AD39-4E69-8737-71A881F0F97B}.Ad-Hoc|iPhoneSimulator.Deploy.0 = Release|Any CPU
		{54802629-AD39-4E69-8737-71A881F0F97B}.Ad-Hoc|x64.ActiveCfg = Release|x64
		{54802629-AD39-4E69-8737-71A881F0F97B}.Ad-Hoc|x64.Build.0 = Release|x64
		{54802629-AD39-4E69-8737-71A881F0F97B}.Ad-Hoc|x64.Deploy.0 = Release|x64
		{54802629-AD39-4E69-8737-71A881F0F97B}.Ad-Hoc|x86.ActiveCfg = Release|x86
		{54802629-AD39-4E69-8737-71A881F0F97B}.Ad-Hoc|x86.Build.0 = Release|x86
		{54802629-AD39-4E69-8737-71A881F0F97B}.Ad-Hoc|x86.Deploy.0 = Release|x86
		{54802629-AD39-4E69-8737-71A881F0F97B}.AppStore|Any CPU.ActiveCfg = Release|Any CPU
		{54802629-AD39-4E69-8737-71A881F0F97B}.AppStore|Any CPU.Build.0 = Release|Any CPU
		{54802629-AD39-4E69-8737-71A881F0F97B}.AppStore|Any CPU.Deploy.0 = Release|Any CPU
		{54802629-AD39-4E69-8737-71A881F0F97B}.AppStore|ARM.ActiveCfg = Release|ARM
		{54802629-AD39-4E69-8737-71A881F0F97B}.AppStore|ARM.Build.0 = Release|ARM
		{54802629-AD39-4E69-8737-71A881F0F97B}.AppStore|ARM.Deploy.0 = Release|ARM
		{54802629-AD39-4E69-8737-71A881F0F97B}.AppStore|iPhone.ActiveCfg = Release|Any CPU
		{54802629-AD39-4E69-8737-71A881F0F97B}.AppStore|iPhone.Build.0 = Release|Any CPU
		{54802629-AD39-4E69-8737-71A881F0F97B}.AppStore|iPhone.Deploy.0 = Release|Any CPU
		{54802629-AD39-4E69-8737-71A881F0F97B}.AppStore|iPhoneSimulator.ActiveCfg = Release|Any CPU
		{54802629-AD39-4E69-8737-71A881F0F97B}.AppStore|iPhoneSimulator.Build.0 = Release|Any CPU
		{54802629-AD39-4E69-8737-71A881F0F97B}.AppStore|iPhoneSimulator.Deploy.0 = Release|Any CPU
		{54802629-AD39-4E69-8737-71A881F0F97B}.AppStore|x64.ActiveCfg = Release|x64
		{54802629-AD39-4E69-8737-71A881F0F97B}.AppStore|x64.Build.0 = Release|x64
		{54802629-AD39-4E69-8737-71A881F0F97B}.AppStore|x64.Deploy.0 = Release|x64
		{54802629-AD39-4E69-8737-71A881F0F97B}.AppStore|x86.ActiveCfg = Release|x86
		{54802629-AD39-4E69-8737-71A881F0F97B}.AppStore|x86.Build.0 = Release|x86
		{54802629-AD39-4E69-8737-71A881F0F97B}.AppStore|x86.Deploy.0 = Release|x86
		{54802629-AD39-4E69-8737-71A881F0F97B}.Debug|Any CPU.ActiveCfg = Debug|Any CPU
		{54802629-AD39-4E69-8737-71A881F0F97B}.Debug|Any CPU.Build.0 = Debug|Any CPU
		{54802629-AD39-4E69-8737-71A881F0F97B}.Debug|Any CPU.Deploy.0 = Debug|Any CPU
		{54802629-AD39-4E69-8737-71A881F0F97B}.Debug|ARM.ActiveCfg = Debug|ARM
		{54802629-AD39-4E69-8737-71A881F0F97B}.Debug|ARM.Build.0 = Debug|ARM
		{54802629-AD39-4E69-8737-71A881F0F97B}.Debug|ARM.Deploy.0 = Debug|ARM
		{54802629-AD39-4E69-8737-71A881F0F97B}.Debug|iPhone.ActiveCfg = Debug|Any CPU
		{54802629-AD39-4E69-8737-71A881F0F97B}.Debug|iPhone.Build.0 = Debug|Any CPU
		{54802629-AD39-4E69-8737-71A881F0F97B}.Debug|iPhone.Deploy.0 = Debug|Any CPU
		{54802629-AD39-4E69-8737-71A881F0F97B}.Debug|iPhoneSimulator.ActiveCfg = Debug|Any CPU
		{54802629-AD39-4E69-8737-71A881F0F97B}.Debug|iPhoneSimulator.Build.0 = Debug|Any CPU
		{54802629-AD39-4E69-8737-71A881F0F97B}.Debug|iPhoneSimulator.Deploy.0 = Debug|Any CPU
		{54802629-AD39-4E69-8737-71A881F0F97B}.Debug|x64.ActiveCfg = Debug|x64
		{54802629-AD39-4E69-8737-71A881F0F97B}.Debug|x64.Build.0 = Debug|x64
		{54802629-AD39-4E69-8737-71A881F0F97B}.Debug|x64.Deploy.0 = Debug|x64
		{54802629-AD39-4E69-8737-71A881F0F97B}.Debug|x86.ActiveCfg = Debug|x86
		{54802629-AD39-4E69-8737-71A881F0F97B}.Debug|x86.Build.0 = Debug|x86
		{54802629-AD39-4E69-8737-71A881F0F97B}.Debug|x86.Deploy.0 = Debug|x86
		{54802629-AD39-4E69-8737-71A881F0F97B}.Release|Any CPU.ActiveCfg = Release|Any CPU
		{54802629-AD39-4E69-8737-71A881F0F97B}.Release|Any CPU.Build.0 = Release|Any CPU
		{54802629-AD39-4E69-8737-71A881F0F97B}.Release|Any CPU.Deploy.0 = Release|Any CPU
		{54802629-AD39-4E69-8737-71A881F0F97B}.Release|ARM.ActiveCfg = Release|ARM
		{54802629-AD39-4E69-8737-71A881F0F97B}.Release|ARM.Build.0 = Release|ARM
		{54802629-AD39-4E69-8737-71A881F0F97B}.Release|ARM.Deploy.0 = Release|ARM
		{54802629-AD39-4E69-8737-71A881F0F97B}.Release|iPhone.ActiveCfg = Release|Any CPU
		{54802629-AD39-4E69-8737-71A881F0F97B}.Release|iPhone.Build.0 = Release|Any CPU
		{54802629-AD39-4E69-8737-71A881F0F97B}.Release|iPhone.Deploy.0 = Release|Any CPU
		{54802629-AD39-4E69-8737-71A881F0F97B}.Release|iPhoneSimulator.ActiveCfg = Release|Any CPU
		{54802629-AD39-4E69-8737-71A881F0F97B}.Release|iPhoneSimulator.Build.0 = Release|Any CPU
		{54802629-AD39-4E69-8737-71A881F0F97B}.Release|iPhoneSimulator.Deploy.0 = Release|Any CPU
		{54802629-AD39-4E69-8737-71A881F0F97B}.Release|x64.ActiveCfg = Release|x64
		{54802629-AD39-4E69-8737-71A881F0F97B}.Release|x64.Build.0 = Release|x64
		{54802629-AD39-4E69-8737-71A881F0F97B}.Release|x64.Deploy.0 = Release|x64
		{54802629-AD39-4E69-8737-71A881F0F97B}.Release|x86.ActiveCfg = Release|x86
		{54802629-AD39-4E69-8737-71A881F0F97B}.Release|x86.Build.0 = Release|x86
		{54802629-AD39-4E69-8737-71A881F0F97B}.Release|x86.Deploy.0 = Release|x86
		{7F11E861-EE84-476C-98C0-8432A1D8193D}.Ad-Hoc|Any CPU.ActiveCfg = Release|Any CPU
		{7F11E861-EE84-476C-98C0-8432A1D8193D}.Ad-Hoc|Any CPU.Build.0 = Release|Any CPU
		{7F11E861-EE84-476C-98C0-8432A1D8193D}.Ad-Hoc|ARM.ActiveCfg = Release|Any CPU
		{7F11E861-EE84-476C-98C0-8432A1D8193D}.Ad-Hoc|ARM.Build.0 = Release|Any CPU
		{7F11E861-EE84-476C-98C0-8432A1D8193D}.Ad-Hoc|iPhone.ActiveCfg = Release|Any CPU
		{7F11E861-EE84-476C-98C0-8432A1D8193D}.Ad-Hoc|iPhone.Build.0 = Release|Any CPU
		{7F11E861-EE84-476C-98C0-8432A1D8193D}.Ad-Hoc|iPhoneSimulator.ActiveCfg = Release|Any CPU
		{7F11E861-EE84-476C-98C0-8432A1D8193D}.Ad-Hoc|iPhoneSimulator.Build.0 = Release|Any CPU
		{7F11E861-EE84-476C-98C0-8432A1D8193D}.Ad-Hoc|x64.ActiveCfg = Release|Any CPU
		{7F11E861-EE84-476C-98C0-8432A1D8193D}.Ad-Hoc|x64.Build.0 = Release|Any CPU
		{7F11E861-EE84-476C-98C0-8432A1D8193D}.Ad-Hoc|x86.ActiveCfg = Release|Any CPU
		{7F11E861-EE84-476C-98C0-8432A1D8193D}.Ad-Hoc|x86.Build.0 = Release|Any CPU
		{7F11E861-EE84-476C-98C0-8432A1D8193D}.AppStore|Any CPU.ActiveCfg = Release|Any CPU
		{7F11E861-EE84-476C-98C0-8432A1D8193D}.AppStore|Any CPU.Build.0 = Release|Any CPU
		{7F11E861-EE84-476C-98C0-8432A1D8193D}.AppStore|ARM.ActiveCfg = Release|Any CPU
		{7F11E861-EE84-476C-98C0-8432A1D8193D}.AppStore|ARM.Build.0 = Release|Any CPU
		{7F11E861-EE84-476C-98C0-8432A1D8193D}.AppStore|iPhone.ActiveCfg = Release|Any CPU
		{7F11E861-EE84-476C-98C0-8432A1D8193D}.AppStore|iPhone.Build.0 = Release|Any CPU
		{7F11E861-EE84-476C-98C0-8432A1D8193D}.AppStore|iPhoneSimulator.ActiveCfg = Release|Any CPU
		{7F11E861-EE84-476C-98C0-8432A1D8193D}.AppStore|iPhoneSimulator.Build.0 = Release|Any CPU
		{7F11E861-EE84-476C-98C0-8432A1D8193D}.AppStore|x64.ActiveCfg = Release|Any CPU
		{7F11E861-EE84-476C-98C0-8432A1D8193D}.AppStore|x64.Build.0 = Release|Any CPU
		{7F11E861-EE84-476C-98C0-8432A1D8193D}.AppStore|x86.ActiveCfg = Release|Any CPU
		{7F11E861-EE84-476C-98C0-8432A1D8193D}.AppStore|x86.Build.0 = Release|Any CPU
		{7F11E861-EE84-476C-98C0-8432A1D8193D}.Debug|Any CPU.ActiveCfg = Debug|Any CPU
		{7F11E861-EE84-476C-98C0-8432A1D8193D}.Debug|Any CPU.Build.0 = Debug|Any CPU
		{7F11E861-EE84-476C-98C0-8432A1D8193D}.Debug|ARM.ActiveCfg = Debug|Any CPU
		{7F11E861-EE84-476C-98C0-8432A1D8193D}.Debug|ARM.Build.0 = Debug|Any CPU
		{7F11E861-EE84-476C-98C0-8432A1D8193D}.Debug|iPhone.ActiveCfg = Debug|Any CPU
		{7F11E861-EE84-476C-98C0-8432A1D8193D}.Debug|iPhone.Build.0 = Debug|Any CPU
		{7F11E861-EE84-476C-98C0-8432A1D8193D}.Debug|iPhoneSimulator.ActiveCfg = Debug|Any CPU
		{7F11E861-EE84-476C-98C0-8432A1D8193D}.Debug|iPhoneSimulator.Build.0 = Debug|Any CPU
		{7F11E861-EE84-476C-98C0-8432A1D8193D}.Debug|x64.ActiveCfg = Debug|Any CPU
		{7F11E861-EE84-476C-98C0-8432A1D8193D}.Debug|x64.Build.0 = Debug|Any CPU
		{7F11E861-EE84-476C-98C0-8432A1D8193D}.Debug|x86.ActiveCfg = Debug|Any CPU
		{7F11E861-EE84-476C-98C0-8432A1D8193D}.Debug|x86.Build.0 = Debug|Any CPU
		{7F11E861-EE84-476C-98C0-8432A1D8193D}.Release|Any CPU.ActiveCfg = Release|Any CPU
		{7F11E861-EE84-476C-98C0-8432A1D8193D}.Release|Any CPU.Build.0 = Release|Any CPU
		{7F11E861-EE84-476C-98C0-8432A1D8193D}.Release|ARM.ActiveCfg = Release|Any CPU
		{7F11E861-EE84-476C-98C0-8432A1D8193D}.Release|ARM.Build.0 = Release|Any CPU
		{7F11E861-EE84-476C-98C0-8432A1D8193D}.Release|iPhone.ActiveCfg = Release|Any CPU
		{7F11E861-EE84-476C-98C0-8432A1D8193D}.Release|iPhone.Build.0 = Release|Any CPU
		{7F11E861-EE84-476C-98C0-8432A1D8193D}.Release|iPhoneSimulator.ActiveCfg = Release|Any CPU
		{7F11E861-EE84-476C-98C0-8432A1D8193D}.Release|iPhoneSimulator.Build.0 = Release|Any CPU
		{7F11E861-EE84-476C-98C0-8432A1D8193D}.Release|x64.ActiveCfg = Release|Any CPU
		{7F11E861-EE84-476C-98C0-8432A1D8193D}.Release|x64.Build.0 = Release|Any CPU
		{7F11E861-EE84-476C-98C0-8432A1D8193D}.Release|x86.ActiveCfg = Release|Any CPU
		{7F11E861-EE84-476C-98C0-8432A1D8193D}.Release|x86.Build.0 = Release|Any CPU
	EndGlobalSection
	GlobalSection(SolutionProperties) = preSolution
		HideSolutionNode = FALSE
	EndGlobalSection
EndGlobal
